
Microsoft Visual Studio Solution File, Format Version 12.00
# Visual Studio Version 16
VisualStudioVersion = 16.0.31702.278
MinimumVisualStudioVersion = 10.0.40219.1
Project("{9A19103F-16F7-4668-BE54-9A1E7A4F7556}") = "Vakcina.Terminal", "Vakcina.Terminal\Vakcina.Terminal.csproj", "{C76C5090-FD15-4EA5-81D4-17600BBDD285}"
EndProject
Global
	GlobalSection(SolutionConfigurationPlatforms) = preSolution
		Debug|Any CPU = Debug|Any CPU
		Release|Any CPU = Release|Any CPU
	EndGlobalSection
	GlobalSection(ProjectConfigurationPlatforms) = postSolution
		{C76C5090-FD15-4EA5-81D4-17600BBDD285}.Debug|Any CPU.ActiveCfg = Debug|Any CPU
		{C76C5090-FD15-4EA5-81D4-17600BBDD285}.Debug|Any CPU.Build.0 = Debug|Any CPU
		{C76C5090-FD15-4EA5-81D4-17600BBDD285}.Release|Any CPU.ActiveCfg = Release|Any CPU
		{C76C5090-FD15-4EA5-81D4-17600BBDD285}.Release|Any CPU.Build.0 = Release|Any CPU
	EndGlobalSection
	GlobalSection(SolutionProperties) = preSolution
		HideSolutionNode = FALSE
	EndGlobalSection
	GlobalSection(ExtensibilityGlobals) = postSolution
		SolutionGuid = {B14764CA-04BD-4214-B02C-A505629AB296}
	EndGlobalSection
EndGlobal
